Microsoft Visual Studio Solution File, Format Version 12.00
# Visual Studio 2012
Project("{FAE04EC0-301F-11D3-BF4B-00C04F79EFBC}") = "Atomicraft", "Atomicraft.csproj", "{CABD563C-FD19-41B2-A914-B93754D80EC7}"
EndProject
Global
	GlobalSection(SolutionConfigurationPlatforms) = preSolution
	Debug|Any CPU = Debug|Any CPU
	ExportDebug|Any CPU = ExportDebug|Any CPU
	ExportRelease|Any CPU = ExportRelease|Any CPU
	EndGlobalSection
	GlobalSection(ProjectConfigurationPlatforms) = postSolution
		{CABD563C-FD19-41B2-A914-B93754D80EC7}.Debug|Any CPU.ActiveCfg = Debug|Any CPU
		{CABD563C-FD19-41B2-A914-B93754D80EC7}.Debug|Any CPU.Build.0 = Debug|Any CPU
		{CABD563C-FD19-41B2-A914-B93754D80EC7}.ExportDebug|Any CPU.ActiveCfg = ExportDebug|Any CPU
		{CABD563C-FD19-41B2-A914-B93754D80EC7}.ExportDebug|Any CPU.Build.0 = ExportDebug|Any CPU
		{CABD563C-FD19-41B2-A914-B93754D80EC7}.ExportRelease|Any CPU.ActiveCfg = ExportRelease|Any CPU
		{CABD563C-FD19-41B2-A914-B93754D80EC7}.ExportRelease|Any CPU.Build.0 = ExportRelease|Any CPU
	EndGlobalSection
EndGlobal
